// !$*UTF8*$!
{
	archiveVersion = 1;
	classes = {
	};
	objectVersion = 55;
	objects = {

/* Begin PBXBuildFile section */
		D061F519282BC1E4004E5C25 /* SmartGarageApp.swift in Sources */ = {isa = PBXBuildFile; fileRef = D061F518282BC1E4004E5C25 /* SmartGarageApp.swift */; };
		D061F51B282BC1E4004E5C25 /* ContentView.swift in Sources */ = {isa = PBXBuildFile; fileRef = D061F51A282BC1E4004E5C25 /* ContentView.swift */; };
		D061F51D282BC1E9004E5C25 /* Assets.xcassets in Resources */ = {isa = PBXBuildFile; fileRef = D061F51C282BC1E9004E5C25 /* Assets.xcassets */; };
		D061F520282BC1E9004E5C25 /* Preview Assets.xcassets in Resources */ = {isa = PBXBuildFile; fileRef = D061F51F282BC1E9004E5C25 /* Preview Assets.xcassets */; };
		D061F527282BC24B004E5C25 /* IndexView.swift in Sources */ = {isa = PBXBuildFile; fileRef = D061F526282BC24B004E5C25 /* IndexView.swift */; };
		D061F529282BC287004E5C25 /* ScheduleView.swift in Sources */ = {isa = PBXBuildFile; fileRef = D061F528282BC287004E5C25 /* ScheduleView.swift */; };
		D061F52B282BC296004E5C25 /* LiveFeedView.swift in Sources */ = {isa = PBXBuildFile; fileRef = D061F52A282BC296004E5C25 /* LiveFeedView.swift */; };
		D061F52D282BC2A1004E5C25 /* HistoryView.swift in Sources */ = {isa = PBXBuildFile; fileRef = D061F52C282BC2A1004E5C25 /* HistoryView.swift */; };
		D061F52F282BC2A8004E5C25 /* SettingsView.swift in Sources */ = {isa = PBXBuildFile; fileRef = D061F52E282BC2A8004E5C25 /* SettingsView.swift */; };
		D061F531282BC452004E5C25 /* MainView.swift in Sources */ = {isa = PBXBuildFile; fileRef = D061F530282BC452004E5C25 /* MainView.swift */; };
		D08212282830FD1500F74BA1 /* screenshot.png in Resources */ = {isa = PBXBuildFile; fileRef = D08212272830FD1400F74BA1 /* screenshot.png */; };
/* End PBXBuildFile section */

/* Begin PBXFileReference section */
		D061F515282BC1E4004E5C25 /* SmartGarage.app */ = {isa = PBXFileReference; explicitFileType = wrapper.application; includeInIndex = 0; path = SmartGarage.app; sourceTree = BUILT_PRODUCTS_DIR; };
		D061F518282BC1E4004E5C25 /* SmartGarageApp.swift */ = {isa = PBXFileReference; lastKnownFileType = sourcecode.swift; path = SmartGarageApp.swift; sourceTree = "<group>"; };
		D061F51A282BC1E4004E5C25 /* ContentView.swift */ = {isa = PBXFileReference; lastKnownFileType = sourcecode.swift; path = ContentView.swift; sourceTree = "<group>"; };
		D061F51C282BC1E9004E5C25 /* Assets.xcassets */ = {isa = PBXFileReference; lastKnownFileType = folder.assetcatalog; path = Assets.xcassets; sourceTree = "<group>"; };
		D061F51F282BC1E9004E5C25 /* Preview Assets.xcassets */ = {isa = PBXFileReference; lastKnownFileType = folder.assetcatalog; path = "Preview Assets.xcassets"; sourceTree = "<group>"; };
		D061F526282BC24B004E5C25 /* IndexView.swift */ = {isa = PBXFileReference; lastKnownFileType = sourcecode.swift; path = IndexView.swift; sourceTree = "<group>"; };
		D061F528282BC287004E5C25 /* ScheduleView.swift */ = {isa = PBXFileReference; lastKnownFileType = sourcecode.swift; path = ScheduleView.swift; sourceTree = "<group>"; };
		D061F52A282BC296004E5C25 /* LiveFeedView.swift */ = {isa = PBXFileReference; lastKnownFileType = sourcecode.swift; path = LiveFeedView.swift; sourceTree = "<group>"; };
		D061F52C282BC2A1004E5C25 /* HistoryView.swift */ = {isa = PBXFileReference; lastKnownFileType = sourcecode.swift; path = HistoryView.swift; sourceTree = "<group>"; };
		D061F52E282BC2A8004E5C25 /* SettingsView.swift */ = {isa = PBXFileReference; lastKnownFileType = sourcecode.swift; path = SettingsView.swift; sourceTree = "<group>"; };
		D061F530282BC452004E5C25 /* MainView.swift */ = {isa = PBXFileReference; lastKnownFileType = sourcecode.swift; path = MainView.swift; sourceTree = "<group>"; };
		D08212262830FC7800F74BA1 /* README.md */ = {isa = PBXFileReference; lastKnownFileType = net.daringfireball.markdown; path = README.md; sourceTree = "<group>"; };
		D08212272830FD1400F74BA1 /* screenshot.png */ = {isa = PBXFileReference; lastKnownFileType = image.png; name = screenshot.png; path = ../../../Downloads/screenshot.png; sourceTree = "<group>"; };
		D08212292830FD6E00F74BA1 /* screenshot.png */ = {isa = PBXFileReference; lastKnownFileType = image.png; path = screenshot.png; sourceTree = "<group>"; };
/* End PBXFileReference section */

/* Begin PBXFrameworksBuildPhase section */
		D061F512282BC1E4004E5C25 /* Frameworks */ = {
			isa = PBXFrameworksBuildPhase;
			buildActionMask = 2147483647;
			files = (
			);
			runOnlyForDeploymentPostprocessing = 0;
		};
/* End PBXFrameworksBuildPhase section */

/* Begin PBXGroup section */
		D061F50C282BC1E4004E5C25 = {
			isa = PBXGroup;
			children = (
				D08212262830FC7800F74BA1 /* README.md */,
				D08212292830FD6E00F74BA1 /* screenshot.png */,
				D061F517282BC1E4004E5C25 /* SmartGarage */,
				D061F516282BC1E4004E5C25 /* Products */,
			);
			sourceTree = "<group>";
		};
		D061F516282BC1E4004E5C25 /* Products */ = {
			isa = PBXGroup;
			children = (
				D061F515282BC1E4004E5C25 /* SmartGarage.app */,
			);
			name = Products;
			sourceTree = "<group>";
		};
		D061F517282BC1E4004E5C25 /* SmartGarage */ = {
			isa = PBXGroup;
			children = (
				D061F518282BC1E4004E5C25 /* SmartGarageApp.swift */,
				D061F51A282BC1E4004E5C25 /* ContentView.swift */,
				D061F530282BC452004E5C25 /* MainView.swift */,
				D061F528282BC287004E5C25 /* ScheduleView.swift */,
				D061F52A282BC296004E5C25 /* LiveFeedView.swift */,
				D061F52C282BC2A1004E5C25 /* HistoryView.swift */,
				D08212272830FD1400F74BA1 /* screenshot.png */,
				D061F52E282BC2A8004E5C25 /* SettingsView.swift */,
				D061F526282BC24B004E5C25 /* IndexView.swift */,
				D061F51C282BC1E9004E5C25 /* Assets.xcassets */,
				D061F51E282BC1E9004E5C25 /* Preview Content */,
			);
			path = SmartGarage;
			sourceTree = "<group>";
		};
		D061F51E282BC1E9004E5C25 /* Preview Content */ = {
			isa = PBXGroup;
			children = (
				D061F51F282BC1E9004E5C25 /* Preview Assets.xcassets */,
			);
			path = "Preview Content";
			sourceTree = "<group>";
		};
/* End PBXGroup section */

/* Begin PBXNativeTarget section */
		D061F514282BC1E4004E5C25 /* SmartGarage */ = {
			isa = PBXNativeTarget;
			buildConfigurationList = D061F523282BC1E9004E5C25 /* Build configuration list for PBXNativeTarget "SmartGarage" */;
			buildPhases = (
				D061F511282BC1E4004E5C25 /* Sources */,
				D061F512282BC1E4004E5C25 /* Frameworks */,
				D061F513282BC1E4004E5C25 /* Resources */,
			);
			buildRules = (
			);
			dependencies = (
			);
			name = SmartGarage;
			productName = SmartGarage;
			productReference = D061F515282BC1E4004E5C25 /* SmartGarage.app */;
			productType = "com.apple.product-type.application";
		};
/* End PBXNativeTarget section */

/* Begin PBXProject section */
		D061F50D282BC1E4004E5C25 /* Project object */ = {
			isa = PBXProject;
			attributes = {
				BuildIndependentTargetsInParallel = 1;
				LastSwiftUpdateCheck = 1330;
				LastUpgradeCheck = 1330;
				TargetAttributes = {
					D061F514282BC1E4004E5C25 = {
						CreatedOnToolsVersion = 13.3.1;
					};
				};
			};
			buildConfigurationList = D061F510282BC1E4004E5C25 /* Build configuration list for PBXProject "SmartGarage" */;
			compatibilityVersion = "Xcode 13.0";
			developmentRegion = en;
			hasScannedForEncodings = 0;
			knownRegions = (
				en,
				Base,
			);
			mainGroup = D061F50C282BC1E4004E5C25;
			productRefGroup = D061F516282BC1E4004E5C25 /* Products */;
			projectDirPath = "";
			projectRoot = "";
			targets = (
				D061F514282BC1E4004E5C25 /* SmartGarage */,
			);
		};
/* End PBXProject section */

/* Begin PBXResourcesBuildPhase section */
		D061F513282BC1E4004E5C25 /* Resources */ = {
			isa = PBXResourcesBuildPhase;
			buildActionMask = 2147483647;
			files = (
				D061F520282BC1E9004E5C25 /* Preview Assets.xcassets in Resources */,
				D061F51D282BC1E9004E5C25 /* Assets.xcassets in Resources */,
				D08212282830FD1500F74BA1 /* screenshot.png in Resources */,
			);
			runOnlyForDeploymentPostprocessing = 0;
		};
/* End PBXResourcesBuildPhase section */

/* Begin PBXSourcesBuildPhase section */
		D061F511282BC1E4004E5C25 /* Sources */ = {
			isa = PBXSourcesBuildPhase;
			buildActionMask = 2147483647;
			files = (
				D061F52D282BC2A1004E5C25 /* HistoryView.swift in Sources */,
				D061F531282BC452004E5C25 /* MainView.swift in Sources */,
				D061F51B282BC1E4004E5C25 /* ContentView.swift in Sources */,
				D061F52B282BC296004E5C25 /* LiveFeedView.swift in Sources */,
				D061F529282BC287004E5C25 /* ScheduleView.swift in Sources */,
				D061F52F282BC2A8004E5C25 /* SettingsView.swift in Sources */,
				D061F527282BC24B004E5C25 /* IndexView.swift in Sources */,
				D061F519282BC1E4004E5C25 /* SmartGarageApp.swift in Sources */,
			);
			runOnlyForDeploymentPostprocessing = 0;
		};
/* End PBXSourcesBuildPhase section */

/* Begin XCBuildConfiguration section */
		D061F521282BC1E9004E5C25 /* Debug */ = {
			isa = XCBuildConfiguration;
			buildSettings = {
				ALWAYS_SEARCH_USER_PATHS = NO;
				CLANG_ANALYZER_NONNULL = YES;
				CLANG_ANALYZER_NUMBER_OBJECT_CONVERSION = YES_AGGRESSIVE;
				CLANG_CXX_LANGUAGE_STANDARD = "gnu++17";
				CLANG_ENABLE_MODULES = YES;
				CLANG_ENABLE_OBJC_ARC = YES;
				CLANG_ENABLE_OBJC_WEAK = YES;
				CLANG_WARN_BLOCK_CAPTURE_AUTORELEASING = YES;
				CLANG_WARN_BOOL_CONVERSION = YES;
				CLANG_WARN_COMMA = YES;
				CLANG_WARN_CONSTANT_CONVERSION = YES;
				CLANG_WARN_DEPRECATED_OBJC_IMPLEMENTATIONS = YES;
				CLANG_WARN_DIRECT_OBJC_ISA_USAGE = YES_ERROR;
				CLANG_WARN_DOCUMENTATION_COMMENTS = YES;
				CLANG_WARN_EMPTY_BODY = YES;
				CLANG_WARN_ENUM_CONVERSION = YES;
				CLANG_WARN_INFINITE_RECURSION = YES;
				CLANG_WARN_INT_CONVERSION = YES;
				CLANG_WARN_NON_LITERAL_NULL_CONVERSION = YES;
				CLANG_WARN_OBJC_IMPLICIT_RETAIN_SELF = YES;
				CLANG_WARN_OBJC_LITERAL_CONVERSION = YES;
				CLANG_WARN_OBJC_ROOT_CLASS = YES_ERROR;
				CLANG_WARN_QUOTED_INCLUDE_IN_FRAMEWORK_HEADER = YES;
				CLANG_WARN_RANGE_LOOP_ANALYSIS = YES;
				CLANG_WARN_STRICT_PROTOTYPES = YES;
				CLANG_WARN_SUSPICIOUS_MOVE = YES;
				CLANG_WARN_UNGUARDED_AVAILABILITY = YES_AGGRESSIVE;
				CLANG_WARN_UNREACHABLE_CODE = YES;
				CLANG_WARN__DUPLICATE_METHOD_MATCH = YES;
				COPY_PHASE_STRIP = NO;
				DEBUG_INFORMATION_FORMAT = dwarf;
				ENABLE_STRICT_OBJC_MSGSEND = YES;
				ENABLE_TESTABILITY = YES;
				GCC_C_LANGUAGE_STANDARD = gnu11;
				GCC_DYNAMIC_NO_PIC = NO;
				GCC_NO_COMMON_BLOCKS = YES;
				GCC_OPTIMIZATION_LEVEL = 0;
				GCC_PREPROCESSOR_DEFINITIONS = (
					"DEBUG=1",
					"$(inherited)",
				);
				GCC_WARN_64_TO_32_BIT_CONVERSION = YES;
				GCC_WARN_ABOUT_RETURN_TYPE = YES_ERROR;
				GCC_WARN_UNDECLARED_SELECTOR = YES;
				GCC_WARN_UNINITIALIZED_AUTOS = YES_AGGRESSIVE;
				GCC_WARN_UNUSED_FUNCTION = YES;
				GCC_WARN_UNUSED_VARIABLE = YES;
				IPHONEOS_DEPLOYMENT_TARGET = 15.4;
				MTL_ENABLE_DEBUG_INFO = INCLUDE_SOURCE;
				MTL_FAST_MATH = YES;
				ONLY_ACTIVE_ARCH = YES;
				SDKROOT = iphoneos;
				SWIFT_ACTIVE_COMPILATION_CONDITIONS = DEBUG;
				SWIFT_OPTIMIZATION_LEVEL = "-Onone";
			};
			name = Debug;
		};
		D061F522282BC1E9004E5C25 /* Release */ = {
			isa = XCBuildConfiguration;
			buildSettings = {
				ALWAYS_SEARCH_USER_PATHS = NO;
				CLANG_ANALYZER_NONNULL = YES;
				CLANG_ANALYZER_NUMBER_OBJECT_CONVERSION = YES_AGGRESSIVE;
				CLANG_CXX_LANGUAGE_STANDARD = "gnu++17";
				CLANG_ENABLE_MODULES = YES;
				CLANG_ENABLE_OBJC_ARC = YES;
				CLANG_ENABLE_OBJC_WEAK = YES;
				CLANG_WARN_BLOCK_CAPTURE_AUTORELEASING = YES;
				CLANG_WARN_BOOL_CONVERSION = YES;
				CLANG_WARN_COMMA = YES;
				CLANG_WARN_CONSTANT_CONVERSION = YES;
				CLANG_WARN_DEPRECATED_OBJC_IMPLEMENTATIONS = YES;
				CLANG_WARN_DIRECT_OBJC_ISA_USAGE = YES_ERROR;
				CLANG_WARN_DOCUMENTATION_COMMENTS = YES;
				CLANG_WARN_EMPTY_BODY = YES;
				CLANG_WARN_ENUM_CONVERSION = YES;
				CLANG_WARN_INFINITE_RECURSION = YES;
				CLANG_WARN_INT_CONVERSION = YES;
				CLANG_WARN_NON_LITERAL_NULL_CONVERSION = YES;
				CLANG_WARN_OBJC_IMPLICIT_RETAIN_SELF = YES;
				CLANG_WARN_OBJC_LITERAL_CONVERSION = YES;
				CLANG_WARN_OBJC_ROOT_CLASS = YES_ERROR;
				CLANG_WARN_QUOTED_INCLUDE_IN_FRAMEWORK_HEADER = YES;
				CLANG_WARN_RANGE_LOOP_ANALYSIS = YES;
				CLANG_WARN_STRICT_PROTOTYPES = YES;
				CLANG_WARN_SUSPICIOUS_MOVE = YES;
				CLANG_WARN_UNGUARDED_AVAILABILITY = YES_AGGRESSIVE;
				CLANG_WARN_UNREACHABLE_CODE = YES;
				CLANG_WARN__DUPLICATE_METHOD_MATCH = YES;
				COPY_PHASE_STRIP = NO;
				DEBUG_INFORMATION_FORMAT = "dwarf-with-dsym";
				ENABLE_NS_ASSERTIONS = NO;
				ENABLE_STRICT_OBJC_MSGSEND = YES;
				GCC_C_LANGUAGE_STANDARD = gnu11;
				GCC_NO_COMMON_BLOCKS = YES;
				GCC_WARN_64_TO_32_BIT_CONVERSION = YES;
				GCC_WARN_ABOUT_RETURN_TYPE = YES_ERROR;
				GCC_WARN_UNDECLARED_SELECTOR = YES;
				GCC_WARN_UNINITIALIZED_AUTOS = YES_AGGRESSIVE;
				GCC_WARN_UNUSED_FUNCTION = YES;
				GCC_WARN_UNUSED_VARIABLE = YES;
				IPHONEOS_DEPLOYMENT_TARGET = 15.4;
				MTL_ENABLE_DEBUG_INFO = NO;
				MTL_FAST_MATH = YES;
				SDKROOT = iphoneos;
				SWIFT_COMPILATION_MODE = wholemodule;
				SWIFT_OPTIMIZATION_LEVEL = "-O";
				VALIDATE_PRODUCT = YES;
			};
			name = Release;
		};
		D061F524282BC1E9004E5C25 /* Debug */ = {
			isa = XCBuildConfiguration;
			buildSettings = {
				ASSETCATALOG_COMPILER_APPICON_NAME = AppIcon;
				ASSETCATALOG_COMPILER_GLOBAL_ACCENT_COLOR_NAME = AccentColor;
				CODE_SIGN_STYLE = Automatic;
				CURRENT_PROJECT_VERSION = 1;
				DEVELOPMENT_ASSET_PATHS = "\"SmartGarage/Preview Content\"";
				DEVELOPMENT_TEAM = FP5LFBG2W6;
				ENABLE_PREVIEWS = YES;
				GENERATE_INFOPLIST_FILE = YES;
				INFOPLIST_KEY_UIApplicationSceneManifest_Generation = YES;
				INFOPLIST_KEY_UIApplicationSupportsIndirectInputEvents = YES;
				INFOPLIST_KEY_UILaunchScreen_Generation = YES;
				INFOPLIST_KEY_UISupportedInterfaceOrientations_iPad = "UIInterfaceOrientationPortrait UIInterfaceOrientationPortraitUpsideDown UIInterfaceOrientationLandscapeLeft UIInterfaceOrientationLandscapeRight";
				INFOPLIST_KEY_UISupportedInterfaceOrientations_iPhone = "UIInterfaceOrientationPortrait UIInterfaceOrientationLandscapeLeft UIInterfaceOrientationLandscapeRight";
				LD_RUNPATH_SEARCH_PATHS = (
					"$(inherited)",
					"@executable_path/Frameworks",
				);
				MARKETING_VERSION = 1.0;
				PRODUCT_BUNDLE_IDENTIFIER = gsbaker.SmartGarage;
				PRODUCT_NAME = "$(TARGET_NAME)";
				SWIFT_EMIT_LOC_STRINGS = YES;
				SWIFT_VERSION = 5.0;
				TARGETED_DEVICE_FAMILY = "1,2";
			};
			name = Debug;
		};
		D061F525282BC1E9004E5C25 /* Release */ = {
			isa = XCBuildConfiguration;
			buildSettings = {
				ASSETCATALOG_COMPILER_APPICON_NAME = AppIcon;
				ASSETCATALOG_COMPILER_GLOBAL_ACCENT_COLOR_NAME = AccentColor;
				CODE_SIGN_STYLE = Automatic;
				CURRENT_PROJECT_VERSION = 1;
				DEVELOPMENT_ASSET_PATHS = "\"SmartGarage/Preview Content\"";
				DEVELOPMENT_TEAM = FP5LFBG2W6;
				ENABLE_PREVIEWS = YES;
				GENERATE_INFOPLIST_FILE = YES;
				INFOPLIST_KEY_UIApplicationSceneManifest_Generation = YES;
				INFOPLIST_KEY_UIApplicationSupportsIndirectInputEvents = YES;
				INFOPLIST_KEY_UILaunchScreen_Generation = YES;
				INFOPLIST_KEY_UISupportedInterfaceOrientations_iPad = "UIInterfaceOrientationPortrait UIInterfaceOrientationPortraitUpsideDown UIInterfaceOrientationLandscapeLeft UIInterfaceOrientationLandscapeRight";
				INFOPLIST_KEY_UISupportedInterfaceOrientations_iPhone = "UIInterfaceOrientationPortrait UIInterfaceOrientationLandscapeLeft UIInterfaceOrientationLandscapeRight";
				LD_RUNPATH_SEARCH_PATHS = (
					"$(inherited)",
					"@executable_path/Frameworks",
				);
				MARKETING_VERSION = 1.0;
				PRODUCT_BUNDLE_IDENTIFIER = gsbaker.SmartGarage;
				PRODUCT_NAME = "$(TARGET_NAME)";
				SWIFT_EMIT_LOC_STRINGS = YES;
				SWIFT_VERSION = 5.0;
				TARGETED_DEVICE_FAMILY = "1,2";
			};
			name = Release;
		};
/* End XCBuildConfiguration section */

/* Begin XCConfigurationList section */
		D061F510282BC1E4004E5C25 /* Build configuration list for PBXProject "SmartGarage" */ = {
			isa = XCConfigurationList;
			buildConfigurations = (
				D061F521282BC1E9004E5C25 /* Debug */,
				D061F522282BC1E9004E5C25 /* Release */,
			);
			defaultConfigurationIsVisible = 0;
			defaultConfigurationName = Release;
		};
		D061F523282BC1E9004E5C25 /* Build configuration list for PBXNativeTarget "SmartGarage" */ = {
			isa = XCConfigurationList;
			buildConfigurations = (
				D061F524282BC1E9004E5C25 /* Debug */,
				D061F525282BC1E9004E5C25 /* Release */,
			);
			defaultConfigurationIsVisible = 0;
			defaultConfigurationName = Release;
		};
/* End XCConfigurationList section */
	};
	rootObject = D061F50D282BC1E4004E5C25 /* Project object */;
}
